// !$*UTF8*$!
{
	archiveVersion = 1;
	classes = {
	};
	objectVersion = 48;
	objects = {

/* Begin PBXBuildFile section */
		0A7FB98E20A2DB16002DE37D /* AppDelegate.m in Sources */ = {isa = PBXBuildFile; fileRef = 0A7FB98D20A2DB16002DE37D /* AppDelegate.m */; };
		0A7FB99120A2DB16002DE37D /* ViewController.m in Sources */ = {isa = PBXBuildFile; fileRef = 0A7FB99020A2DB16002DE37D /* ViewController.m */; };
		0A7FB99420A2DB16002DE37D /* Main.storyboard in Resources */ = {isa = PBXBuildFile; fileRef = 0A7FB99220A2DB16002DE37D /* Main.storyboard */; };
		0A7FB99620A2DB16002DE37D /* Assets.xcassets in Resources */ = {isa = PBXBuildFile; fileRef = 0A7FB99520A2DB16002DE37D /* Assets.xcassets */; };
		0A7FB99920A2DB16002DE37D /* LaunchScreen.storyboard in Resources */ = {isa = PBXBuildFile; fileRef = 0A7FB99720A2DB16002DE37D /* LaunchScreen.storyboard */; };
		0A7FB99C20A2DB16002DE37D /* main.m in Sources */ = {isa = PBXBuildFile; fileRef = 0A7FB99B20A2DB16002DE37D /* main.m */; };
		0A7FB9A620A2DB16002DE37D /* LLYFFMPEGPlayerTests.m in Sources */ = {isa = PBXBuildFile; fileRef = 0A7FB9A520A2DB16002DE37D /* LLYFFMPEGPlayerTests.m */; };
		0A7FB9B120A2DB16002DE37D /* LLYFFMPEGPlayerUITests.m in Sources */ = {isa = PBXBuildFile; fileRef = 0A7FB9B020A2DB16002DE37D /* LLYFFMPEGPlayerUITests.m */; };
		0A7FBA3020A2DB47002DE37D /* libavutil.a in Frameworks */ = {isa = PBXBuildFile; fileRef = 0A7FBA2920A2DB47002DE37D /* libavutil.a */; };
		0A7FBA3120A2DB47002DE37D /* libavfilter.a in Frameworks */ = {isa = PBXBuildFile; fileRef = 0A7FBA2A20A2DB47002DE37D /* libavfilter.a */; };
		0A7FBA3220A2DB47002DE37D /* libavcodec.a in Frameworks */ = {isa = PBXBuildFile; fileRef = 0A7FBA2B20A2DB47002DE37D /* libavcodec.a */; };
		0A7FBA3320A2DB47002DE37D /* libavformat.a in Frameworks */ = {isa = PBXBuildFile; fileRef = 0A7FBA2C20A2DB47002DE37D /* libavformat.a */; };
		0A7FBA3420A2DB47002DE37D /* libavdevice.a in Frameworks */ = {isa = PBXBuildFile; fileRef = 0A7FBA2D20A2DB47002DE37D /* libavdevice.a */; };
		0A7FBA3520A2DB47002DE37D /* libswresample.a in Frameworks */ = {isa = PBXBuildFile; fileRef = 0A7FBA2E20A2DB47002DE37D /* libswresample.a */; };
		0A7FBA3620A2DB47002DE37D /* libswscale.a in Frameworks */ = {isa = PBXBuildFile; fileRef = 0A7FBA2F20A2DB47002DE37D /* libswscale.a */; };
		0A7FBA3F20A2DF71002DE37D /* test.flv in Resources */ = {isa = PBXBuildFile; fileRef = 0A7FBA3E20A2DF71002DE37D /* test.flv */; };
		0A7FBA4220A2DF92002DE37D /* CommonUtil.m in Sources */ = {isa = PBXBuildFile; fileRef = 0A7FBA4120A2DF92002DE37D /* CommonUtil.m */; };
		0A7FBA4820A2E0DC002DE37D /* LLYFFMPEGPlayerViewController.m in Sources */ = {isa = PBXBuildFile; fileRef = 0A7FBA4720A2E0DC002DE37D /* LLYFFMPEGPlayerViewController.m */; };
		0A7FBA4B20A2E307002DE37D /* LLYSync.m in Sources */ = {isa = PBXBuildFile; fileRef = 0A7FBA4A20A2E307002DE37D /* LLYSync.m */; };
		0A7FBA4E20A2E323002DE37D /* LLYDecoder.m in Sources */ = {isa = PBXBuildFile; fileRef = 0A7FBA4D20A2E323002DE37D /* LLYDecoder.m */; };
		0A7FBA5120A2E352002DE37D /* LLYAudioPlayer.m in Sources */ = {isa = PBXBuildFile; fileRef = 0A7FBA5020A2E352002DE37D /* LLYAudioPlayer.m */; };
		0ADC004120A6AC8D002AC903 /* libiconv.2.4.0.tbd in Frameworks */ = {isa = PBXBuildFile; fileRef = 0ADC004020A6AC8D002AC903 /* libiconv.2.4.0.tbd */; };
		0ADC004320A6AC9A002AC903 /* VideoToolbox.framework in Frameworks */ = {isa = PBXBuildFile; fileRef = 0ADC004220A6AC9A002AC903 /* VideoToolbox.framework */; };
		0ADC004520A6ACA4002AC903 /* AVFoundation.framework in Frameworks */ = {isa = PBXBuildFile; fileRef = 0ADC004420A6ACA4002AC903 /* AVFoundation.framework */; };
		0ADC004720A6ACC1002AC903 /* AudioToolbox.framework in Frameworks */ = {isa = PBXBuildFile; fileRef = 0ADC004620A6ACC1002AC903 /* AudioToolbox.framework */; };
		0ADC004920A6AD19002AC903 /* CoreMedia.framework in Frameworks */ = {isa = PBXBuildFile; fileRef = 0ADC004820A6AD19002AC903 /* CoreMedia.framework */; };
		0ADC004B20A6AD36002AC903 /* libbz2.1.0.tbd in Frameworks */ = {isa = PBXBuildFile; fileRef = 0ADC004A20A6AD36002AC903 /* libbz2.1.0.tbd */; };
		0ADC004D20A6AD4C002AC903 /* libz.tbd in Frameworks */ = {isa = PBXBuildFile; fileRef = 0ADC004C20A6AD4C002AC903 /* libz.tbd */; };
/* End PBXBuildFile section */

/* Begin PBXContainerItemProxy section */
		0A7FB9A220A2DB16002DE37D /* PBXContainerItemProxy */ = {
			isa = PBXContainerItemProxy;
			containerPortal = 0A7FB98120A2DB16002DE37D /* Project object */;
			proxyType = 1;
			remoteGlobalIDString = 0A7FB98820A2DB16002DE37D;
			remoteInfo = LLYFFMPEGPlayer;
		};
		0A7FB9AD20A2DB16002DE37D /* PBXContainerItemProxy */ = {
			isa = PBXContainerItemProxy;
			containerPortal = 0A7FB98120A2DB16002DE37D /* Project object */;
			proxyType = 1;
			remoteGlobalIDString = 0A7FB98820A2DB16002DE37D;
			remoteInfo = LLYFFMPEGPlayer;
		};
/* End PBXContainerItemProxy section */

/* Begin PBXFileReference section */
		0A7FB98920A2DB16002DE37D /* LLYFFMPEGPlayer.app */ = {isa = PBXFileReference; explicitFileType = wrapper.application; includeInIndex = 0; path = LLYFFMPEGPlayer.app; sourceTree = BUILT_PRODUCTS_DIR; };
		0A7FB98C20A2DB16002DE37D /* AppDelegate.h */ = {isa = PBXFileReference; lastKnownFileType = sourcecode.c.h; path = AppDelegate.h; sourceTree = "<group>"; };
		0A7FB98D20A2DB16002DE37D /* AppDelegate.m */ = {isa = PBXFileReference; lastKnownFileType = sourcecode.c.objc; path = AppDelegate.m; sourceTree = "<group>"; };
		0A7FB98F20A2DB16002DE37D /* ViewController.h */ = {isa = PBXFileReference; lastKnownFileType = sourcecode.c.h; path = ViewController.h; sourceTree = "<group>"; };
		0A7FB99020A2DB16002DE37D /* ViewController.m */ = {isa = PBXFileReference; lastKnownFileType = sourcecode.c.objc; path = ViewController.m; sourceTree = "<group>"; };
		0A7FB99320A2DB16002DE37D /* Base */ = {isa = PBXFileReference; lastKnownFileType = file.storyboard; name = Base; path = Base.lproj/Main.storyboard; sourceTree = "<group>"; };
		0A7FB99520A2DB16002DE37D /* Assets.xcassets */ = {isa = PBXFileReference; lastKnownFileType = folder.assetcatalog; path = Assets.xcassets; sourceTree = "<group>"; };
		0A7FB99820A2DB16002DE37D /* Base */ = {isa = PBXFileReference; lastKnownFileType = file.storyboard; name = Base; path = Base.lproj/LaunchScreen.storyboard; sourceTree = "<group>"; };
		0A7FB99A20A2DB16002DE37D /* Info.plist */ = {isa = PBXFileReference; lastKnownFileType = text.plist.xml; path = Info.plist; sourceTree = "<group>"; };
		0A7FB99B20A2DB16002DE37D /* main.m */ = {isa = PBXFileReference; lastKnownFileType = sourcecode.c.objc; path = main.m; sourceTree = "<group>"; };
		0A7FB9A120A2DB16002DE37D /* LLYFFMPEGPlayerTests.xctest */ = {isa = PBXFileReference; explicitFileType = wrapper.cfbundle; includeInIndex = 0; path = LLYFFMPEGPlayerTests.xctest; sourceTree = BUILT_PRODUCTS_DIR; };
		0A7FB9A520A2DB16002DE37D /* LLYFFMPEGPlayerTests.m */ = {isa = PBXFileReference; lastKnownFileType = sourcecode.c.objc; path = LLYFFMPEGPlayerTests.m; sourceTree = "<group>"; };
		0A7FB9A720A2DB16002DE37D /* Info.plist */ = {isa = PBXFileReference; lastKnownFileType = text.plist.xml; path = Info.plist; sourceTree = "<group>"; };
		0A7FB9AC20A2DB16002DE37D /* LLYFFMPEGPlayerUITests.xctest */ = {isa = PBXFileReference; explicitFileType = wrapper.cfbundle; includeInIndex = 0; path = LLYFFMPEGPlayerUITests.xctest; sourceTree = BUILT_PRODUCTS_DIR; };
		0A7FB9B020A2DB16002DE37D /* LLYFFMPEGPlayerUITests.m */ = {isa = PBXFileReference; lastKnownFileType = sourcecode.c.objc; path = LLYFFMPEGPlayerUITests.m; sourceTree = "<group>"; };
		0A7FB9B220A2DB16002DE37D /* Info.plist */ = {isa = PBXFileReference; lastKnownFileType = text.plist.xml; path = Info.plist; sourceTree = "<group>"; };
		0A7FB9C120A2DB47002DE37D /* version.h */ = {isa = PBXFileReference; fileEncoding = 4; lastKnownFileType = sourcecode.c.h; path = version.h; sourceTree = "<group>"; };
		0A7FB9C220A2DB47002DE37D /* buffersrc.h */ = {isa = PBXFileReference; fileEncoding = 4; lastKnownFileType = sourcecode.c.h; path = buffersrc.h; sourceTree = "<group>"; };
		0A7FB9C320A2DB47002DE37D /* buffersink.h */ = {isa = PBXFileReference; fileEncoding = 4; lastKnownFileType = sourcecode.c.h; path = buffersink.h; sourceTree = "<group>"; };
		0A7FB9C420A2DB47002DE37D /* avfilter.h */ = {isa = PBXFileReference; fileEncoding = 4; lastKnownFileType = sourcecode.c.h; path = avfilter.h; sourceTree = "<group>"; };
		0A7FB9C520A2DB47002DE37D /* avfiltergraph.h */ = {isa = PBXFileReference; fileEncoding = 4; lastKnownFileType = sourcecode.c.h; path = avfiltergraph.h; sourceTree = "<group>"; };
		0A7FB9C720A2DB47002DE37D /* time.h */ = {isa = PBXFileReference; fileEncoding = 4; lastKnownFileType = sourcecode.c.h; path = time.h; sourceTree = "<group>"; };
		0A7FB9C820A2DB47002DE37D /* intfloat.h */ = {isa = PBXFileReference; fileEncoding = 4; lastKnownFileType = sourcecode.c.h; path = intfloat.h; sourceTree = "<group>"; };
		0A7FB9C920A2DB47002DE37D /* error.h */ = {isa = PBXFileReference; fileEncoding = 4; lastKnownFileType = sourcecode.c.h; path = error.h; sourceTree = "<group>"; };
		0A7FB9CA20A2DB47002DE37D /* fifo.h */ = {isa = PBXFileReference; fileEncoding = 4; lastKnownFileType = sourcecode.c.h; path = fifo.h; sourceTree = "<group>"; };
		0A7FB9CB20A2DB47002DE37D /* blowfish.h */ = {isa = PBXFileReference; fileEncoding = 4; lastKnownFileType = sourcecode.c.h; path = blowfish.h; sourceTree = "<group>"; };
		0A7FB9CC20A2DB47002DE37D /* replaygain.h */ = {isa = PBXFileReference; fileEncoding = 4; lastKnownFileType = sourcecode.c.h; path = replaygain.h; sourceTree = "<group>"; };
		0A7FB9CD20A2DB47002DE37D /* version.h */ = {isa = PBXFileReference; fileEncoding = 4; lastKnownFileType = sourcecode.c.h; path = version.h; sourceTree = "<group>"; };
		0A7FB9CE20A2DB47002DE37D /* murmur3.h */ = {isa = PBXFileReference; fileEncoding = 4; lastKnownFileType = sourcecode.c.h; path = murmur3.h; sourceTree = "<group>"; };
		0A7FB9CF20A2DB47002DE37D /* stereo3d.h */ = {isa = PBXFileReference; fileEncoding = 4; lastKnownFileType = sourcecode.c.h; path = stereo3d.h; sourceTree = "<group>"; };
		0A7FB9D020A2DB47002DE37D /* samplefmt.h */ = {isa = PBXFileReference; fileEncoding = 4; lastKnownFileType = sourcecode.c.h; path = samplefmt.h; sourceTree = "<group>"; };
		0A7FB9D120A2DB47002DE37D /* pixdesc.h */ = {isa = PBXFileReference; fileEncoding = 4; lastKnownFileType = sourcecode.c.h; path = pixdesc.h; sourceTree = "<group>"; };
		0A7FB9D220A2DB47002DE37D /* base64.h */ = {isa = PBXFileReference; fileEncoding = 4; lastKnownFileType = sourcecode.c.h; path = base64.h; sourceTree = "<group>"; };
		0A7FB9D320A2DB47002DE37D /* rational.h */ = {isa = PBXFileReference; fileEncoding = 4; lastKnownFileType = sourcecode.c.h; path = rational.h; sourceTree = "<group>"; };
		0A7FB9D420A2DB47002DE37D /* sha.h */ = {isa = PBXFileReference; fileEncoding = 4; lastKnownFileType = sourcecode.c.h; path = sha.h; sourceTree = "<group>"; };
		0A7FB9D520A2DB47002DE37D /* motion_vector.h */ = {isa = PBXFileReference; fileEncoding = 4; lastKnownFileType = sourcecode.c.h; path = motion_vector.h; sourceTree = "<group>"; };
		0A7FB9D620A2DB47002DE37D /* avconfig.h */ = {isa = PBXFileReference; fileEncoding = 4; lastKnownFileType = sourcecode.c.h; path = avconfig.h; sourceTree = "<group>"; };
		0A7FB9D720A2DB47002DE37D /* lfg.h */ = {isa = PBXFileReference; fileEncoding = 4; lastKnownFileType = sourcecode.c.h; path = lfg.h; sourceTree = "<group>"; };
		0A7FB9D820A2DB47002DE37D /* avutil.h */ = {isa = PBXFileReference; fileEncoding = 4; lastKnownFileType = sourcecode.c.h; path = avutil.h; sourceTree = "<group>"; };
		0A7FB9D920A2DB47002DE37D /* xtea.h */ = {isa = PBXFileReference; fileEncoding = 4; lastKnownFileType = sourcecode.c.h; path = xtea.h; sourceTree = "<group>"; };
		0A7FB9DA20A2DB47002DE37D /* crc.h */ = {isa = PBXFileReference; fileEncoding = 4; lastKnownFileType = sourcecode.c.h; path = crc.h; sourceTree = "<group>"; };
		0A7FB9DB20A2DB47002DE37D /* frame.h */ = {isa = PBXFileReference; fileEncoding = 4; lastKnownFileType = sourcecode.c.h; path = frame.h; sourceTree = "<group>"; };
		0A7FB9DC20A2DB47002DE37D /* file.h */ = {isa = PBXFileReference; fileEncoding = 4; lastKnownFileType = sourcecode.c.h; path = file.h; sourceTree = "<group>"; };
		0A7FB9DD20A2DB47002DE37D /* md5.h */ = {isa = PBXFileReference; fileEncoding = 4; lastKnownFileType = sourcecode.c.h; path = md5.h; sourceTree = "<group>"; };
		0A7FB9DE20A2DB47002DE37D /* cast5.h */ = {isa = PBXFileReference; fileEncoding = 4; lastKnownFileType = sourcecode.c.h; path = cast5.h; sourceTree = "<group>"; };
		0A7FB9DF20A2DB47002DE37D /* ffversion.h */ = {isa = PBXFileReference; fileEncoding = 4; lastKnownFileType = sourcecode.c.h; path = ffversion.h; sourceTree = "<group>"; };
		0A7FB9E020A2DB47002DE37D /* audio_fifo.h */ = {isa = PBXFileReference; fileEncoding = 4; lastKnownFileType = sourcecode.c.h; path = audio_fifo.h; sourceTree = "<group>"; };
		0A7FB9E120A2DB47002DE37D /* tree.h */ = {isa = PBXFileReference; fileEncoding = 4; lastKnownFileType = sourcecode.c.h; path = tree.h; sourceTree = "<group>"; };
		0A7FB9E220A2DB47002DE37D /* threadmessage.h */ = {isa = PBXFileReference; fileEncoding = 4; lastKnownFileType = sourcecode.c.h; path = threadmessage.h; sourceTree = "<group>"; };
		0A7FB9E320A2DB47002DE37D /* attributes.h */ = {isa = PBXFileReference; fileEncoding = 4; lastKnownFileType = sourcecode.c.h; path = attributes.h; sourceTree = "<group>"; };
		0A7FB9E420A2DB47002DE37D /* adler32.h */ = {isa = PBXFileReference; fileEncoding = 4; lastKnownFileType = sourcecode.c.h; path = adler32.h; sourceTree = "<group>"; };
		0A7FB9E520A2DB47002DE37D /* timecode.h */ = {isa = PBXFileReference; fileEncoding = 4; lastKnownFileType = sourcecode.c.h; path = timecode.h; sourceTree = "<group>"; };
		0A7FB9E620A2DB47002DE37D /* sha512.h */ = {isa = PBXFileReference; fileEncoding = 4; lastKnownFileType = sourcecode.c.h; path = sha512.h; sourceTree = "<group>"; };
		0A7FB9E720A2DB47002DE37D /* display.h */ = {isa = PBXFileReference; fileEncoding = 4; lastKnownFileType = sourcecode.c.h; path = display.h; sourceTree = "<group>"; };
		0A7FB9E820A2DB47002DE37D /* buffer.h */ = {isa = PBXFileReference; fileEncoding = 4; lastKnownFileType = sourcecode.c.h; path = buffer.h; sourceTree = "<group>"; };
		0A7FB9E920A2DB47002DE37D /* camellia.h */ = {isa = PBXFileReference; fileEncoding = 4; lastKnownFileType = sourcecode.c.h; path = camellia.h; sourceTree = "<group>"; };
		0A7FB9EA20A2DB47002DE37D /* pixelutils.h */ = {isa = PBXFileReference; fileEncoding = 4; lastKnownFileType = sourcecode.c.h; path = pixelutils.h; sourceTree = "<group>"; };
		0A7FB9EB20A2DB47002DE37D /* common.h */ = {isa = PBXFileReference; fileEncoding = 4; lastKnownFileType = sourcecode.c.h; path = common.h; sourceTree = "<group>"; };
		0A7FB9EC20A2DB47002DE37D /* hmac.h */ = {isa = PBXFileReference; fileEncoding = 4; lastKnownFileType = sourcecode.c.h; path = hmac.h; sourceTree = "<group>"; };
		0A7FB9ED20A2DB47002DE37D /* eval.h */ = {isa = PBXFileReference; fileEncoding = 4; lastKnownFileType = sourcecode.c.h; path = eval.h; sourceTree = "<group>"; };
		0A7FB9EE20A2DB47002DE37D /* dict.h */ = {isa = PBXFileReference; fileEncoding = 4; lastKnownFileType = sourcecode.c.h; path = dict.h; sourceTree = "<group>"; };
		0A7FB9EF20A2DB47002DE37D /* random_seed.h */ = {isa = PBXFileReference; fileEncoding = 4; lastKnownFileType = sourcecode.c.h; path = random_seed.h; sourceTree = "<group>"; };
		0A7FB9F020A2DB47002DE37D /* opt.h */ = {isa = PBXFileReference; fileEncoding = 4; lastKnownFileType = sourcecode.c.h; path = opt.h; sourceTree = "<group>"; };
		0A7FB9F120A2DB47002DE37D /* mastering_display_metadata.h */ = {isa = PBXFileReference; fileEncoding = 4; lastKnownFileType = sourcecode.c.h; path = mastering_display_metadata.h; sourceTree = "<group>"; };
		0A7FB9F220A2DB47002DE37D /* log.h */ = {isa = PBXFileReference; fileEncoding = 4; lastKnownFileType = sourcecode.c.h; path = log.h; sourceTree = "<group>"; };
		0A7FB9F320A2DB47002DE37D /* aes.h */ = {isa = PBXFileReference; fileEncoding = 4; lastKnownFileType = sourcecode.c.h; path = aes.h; sourceTree = "<group>"; };
		0A7FB9F420A2DB47002DE37D /* macros.h */ = {isa = PBXFileReference; fileEncoding = 4; lastKnownFileType = sourcecode.c.h; path = macros.h; sourceTree = "<group>"; };
		0A7FB9F520A2DB47002DE37D /* bswap.h */ = {isa = PBXFileReference; fileEncoding = 4; lastKnownFileType = sourcecode.c.h; path = bswap.h; sourceTree = "<group>"; };
		0A7FB9F620A2DB47002DE37D /* rc4.h */ = {isa = PBXFileReference; fileEncoding = 4; lastKnownFileType = sourcecode.c.h; path = rc4.h; sourceTree = "<group>"; };
		0A7FB9F720A2DB47002DE37D /* tea.h */ = {isa = PBXFileReference; fileEncoding = 4; lastKnownFileType = sourcecode.c.h; path = tea.h; sourceTree = "<group>"; };
		0A7FB9F820A2DB47002DE37D /* cpu.h */ = {isa = PBXFileReference; fileEncoding = 4; lastKnownFileType = sourcecode.c.h; path = cpu.h; sourceTree = "<group>"; };
		0A7FB9F920A2DB47002DE37D /* lzo.h */ = {isa = PBXFileReference; fileEncoding = 4; lastKnownFileType = sourcecode.c.h; path = lzo.h; sourceTree = "<group>"; };
		0A7FB9FA20A2DB47002DE37D /* des.h */ = {isa = PBXFileReference; fileEncoding = 4; lastKnownFileType = sourcecode.c.h; path = des.h; sourceTree = "<group>"; };
		0A7FB9FB20A2DB47002DE37D /* channel_layout.h */ = {isa = PBXFileReference; fileEncoding = 4; lastKnownFileType = sourcecode.c.h; path = channel_layout.h; sourceTree = "<group>"; };
		0A7FB9FC20A2DB47002DE37D /* twofish.h */ = {isa = PBXFileReference; fileEncoding = 4; lastKnownFileType = sourcecode.c.h; path = twofish.h; sourceTree = "<group>"; };
		0A7FB9FD20A2DB47002DE37D /* imgutils.h */ = {isa = PBXFileReference; fileEncoding = 4; lastKnownFileType = sourcecode.c.h; path = imgutils.h; sourceTree = "<group>"; };
		0A7FB9FE20A2DB47002DE37D /* mem.h */ = {isa = PBXFileReference; fileEncoding = 4; lastKnownFileType = sourcecode.c.h; path = mem.h; sourceTree = "<group>"; };
		0A7FB9FF20A2DB47002DE37D /* parseutils.h */ = {isa = PBXFileReference; fileEncoding = 4; lastKnownFileType = sourcecode.c.h; path = parseutils.h; sourceTree = "<group>"; };
		0A7FBA0020A2DB47002DE37D /* ripemd.h */ = {isa = PBXFileReference; fileEncoding = 4; lastKnownFileType = sourcecode.c.h; path = ripemd.h; sourceTree = "<group>"; };
		0A7FBA0120A2DB47002DE37D /* bprint.h */ = {isa = PBXFileReference; fileEncoding = 4; lastKnownFileType = sourcecode.c.h; path = bprint.h; sourceTree = "<group>"; };
		0A7FBA0220A2DB47002DE37D /* pixfmt.h */ = {isa = PBXFileReference; fileEncoding = 4; lastKnownFileType = sourcecode.c.h; path = pixfmt.h; sourceTree = "<group>"; };
		0A7FBA0320A2DB47002DE37D /* aes_ctr.h */ = {isa = PBXFileReference; fileEncoding = 4; lastKnownFileType = sourcecode.c.h; path = aes_ctr.h; sourceTree = "<group>"; };
		0A7FBA0420A2DB47002DE37D /* timestamp.h */ = {isa = PBXFileReference; fileEncoding = 4; lastKnownFileType = sourcecode.c.h; path = timestamp.h; sourceTree = "<group>"; };
		0A7FBA0520A2DB47002DE37D /* downmix_info.h */ = {isa = PBXFileReference; fileEncoding = 4; lastKnownFileType = sourcecode.c.h; path = downmix_info.h; sourceTree = "<group>"; };
		0A7FBA0620A2DB47002DE37D /* avassert.h */ = {isa = PBXFileReference; fileEncoding = 4; lastKnownFileType = sourcecode.c.h; path = avassert.h; sourceTree = "<group>"; };
		0A7FBA0720A2DB47002DE37D /* hash.h */ = {isa = PBXFileReference; fileEncoding = 4; lastKnownFileType = sourcecode.c.h; path = hash.h; sourceTree = "<group>"; };
		0A7FBA0820A2DB47002DE37D /* mathematics.h */ = {isa = PBXFileReference; fileEncoding = 4; lastKnownFileType = sourcecode.c.h; path = mathematics.h; sourceTree = "<group>"; };
		0A7FBA0920A2DB47002DE37D /* intreadwrite.h */ = {isa = PBXFileReference; fileEncoding = 4; lastKnownFileType = sourcecode.c.h; path = intreadwrite.h; sourceTree = "<group>"; };
		0A7FBA0A20A2DB47002DE37D /* avstring.h */ = {isa = PBXFileReference; fileEncoding = 4; lastKnownFileType = sourcecode.c.h; path = avstring.h; sourceTree = "<group>"; };
		0A7FBA0C20A2DB47002DE37D /* version.h */ = {isa = PBXFileReference; fileEncoding = 4; lastKnownFileType = sourcecode.c.h; path = version.h; sourceTree = "<group>"; };
		0A7FBA0D20A2DB47002DE37D /* avdevice.h */ = {isa = PBXFileReference; fileEncoding = 4; lastKnownFileType = sourcecode.c.h; path = avdevice.h; sourceTree = "<group>"; };
		0A7FBA0F20A2DB47002DE37D /* version.h */ = {isa = PBXFileReference; fileEncoding = 4; lastKnownFileType = sourcecode.c.h; path = version.h; sourceTree = "<group>"; };
		0A7FBA1020A2DB47002DE37D /* avio.h */ = {isa = PBXFileReference; fileEncoding = 4; lastKnownFileType = sourcecode.c.h; path = avio.h; sourceTree = "<group>"; };
		0A7FBA1120A2DB47002DE37D /* avformat.h */ = {isa = PBXFileReference; fileEncoding = 4; lastKnownFileType = sourcecode.c.h; path = avformat.h; sourceTree = "<group>"; };
		0A7FBA1320A2DB47002DE37D /* version.h */ = {isa = PBXFileReference; fileEncoding = 4; lastKnownFileType = sourcecode.c.h; path = version.h; sourceTree = "<group>"; };
		0A7FBA1420A2DB47002DE37D /* swscale.h */ = {isa = PBXFileReference; fileEncoding = 4; lastKnownFileType = sourcecode.c.h; path = swscale.h; sourceTree = "<group>"; };
		0A7FBA1620A2DB47002DE37D /* avcodec.h */ = {isa = PBXFileReference; fileEncoding = 4; lastKnownFileType = sourcecode.c.h; path = avcodec.h; sourceTree = "<group>"; };
		0A7FBA1720A2DB47002DE37D /* version.h */ = {isa = PBXFileReference; fileEncoding = 4; lastKnownFileType = sourcecode.c.h; path = version.h; sourceTree = "<group>"; };
		0A7FBA1820A2DB47002DE37D /* vdpau.h */ = {isa = PBXFileReference; fileEncoding = 4; lastKnownFileType = sourcecode.c.h; path = vdpau.h; sourceTree = "<group>"; };
		0A7FBA1920A2DB47002DE37D /* qsv.h */ = {isa = PBXFileReference; fileEncoding = 4; lastKnownFileType = sourcecode.c.h; path = qsv.h; sourceTree = "<group>"; };
		0A7FBA1A20A2DB47002DE37D /* vaapi.h */ = {isa = PBXFileReference; fileEncoding = 4; lastKnownFileType = sourcecode.c.h; path = vaapi.h; sourceTree = "<group>"; };
		0A7FBA1B20A2DB47002DE37D /* videotoolbox.h */ = {isa = PBXFileReference; fileEncoding = 4; lastKnownFileType = sourcecode.c.h; path = videotoolbox.h; sourceTree = "<group>"; };
		0A7FBA1C20A2DB47002DE37D /* xvmc.h */ = {isa = PBXFileReference; fileEncoding = 4; lastKnownFileType = sourcecode.c.h; path = xvmc.h; sourceTree = "<group>"; };
		0A7FBA1D20A2DB47002DE37D /* d3d11va.h */ = {isa = PBXFileReference; fileEncoding = 4; lastKnownFileType = sourcecode.c.h; path = d3d11va.h; sourceTree = "<group>"; };
		0A7FBA1E20A2DB47002DE37D /* avfft.h */ = {isa = PBXFileReference; fileEncoding = 4; lastKnownFileType = sourcecode.c.h; path = avfft.h; sourceTree = "<group>"; };
		0A7FBA1F20A2DB47002DE37D /* vda.h */ = {isa = PBXFileReference; fileEncoding = 4; lastKnownFileType = sourcecode.c.h; path = vda.h; sourceTree = "<group>"; };
		0A7FBA2020A2DB47002DE37D /* dirac.h */ = {isa = PBXFileReference; fileEncoding = 4; lastKnownFileType = sourcecode.c.h; path = dirac.h; sourceTree = "<group>"; };
		0A7FBA2120A2DB47002DE37D /* avdct.h */ = {isa = PBXFileReference; fileEncoding = 4; lastKnownFileType = sourcecode.c.h; path = avdct.h; sourceTree = "<group>"; };
		0A7FBA2220A2DB47002DE37D /* vorbis_parser.h */ = {isa = PBXFileReference; fileEncoding = 4; lastKnownFileType = sourcecode.c.h; path = vorbis_parser.h; sourceTree = "<group>"; };
		0A7FBA2320A2DB47002DE37D /* dxva2.h */ = {isa = PBXFileReference; fileEncoding = 4; lastKnownFileType = sourcecode.c.h; path = dxva2.h; sourceTree = "<group>"; };
		0A7FBA2420A2DB47002DE37D /* dv_profile.h */ = {isa = PBXFileReference; fileEncoding = 4; lastKnownFileType = sourcecode.c.h; path = dv_profile.h; sourceTree = "<group>"; };
		0A7FBA2620A2DB47002DE37D /* version.h */ = {isa = PBXFileReference; fileEncoding = 4; lastKnownFileType = sourcecode.c.h; path = version.h; sourceTree = "<group>"; };
		0A7FBA2720A2DB47002DE37D /* swresample.h */ = {isa = PBXFileReference; fileEncoding = 4; lastKnownFileType = sourcecode.c.h; path = swresample.h; sourceTree = "<group>"; };
		0A7FBA2920A2DB47002DE37D /* libavutil.a */ = {isa = PBXFileReference; lastKnownFileType = archive.ar; path = libavutil.a; sourceTree = "<group>"; };
		0A7FBA2A20A2DB47002DE37D /* libavfilter.a */ = {isa = PBXFileReference; lastKnownFileType = archive.ar; path = libavfilter.a; sourceTree = "<group>"; };
		0A7FBA2B20A2DB47002DE37D /* libavcodec.a */ = {isa = PBXFileReference; lastKnownFileType = archive.ar; path = libavcodec.a; sourceTree = "<group>"; };
		0A7FBA2C20A2DB47002DE37D /* libavformat.a */ = {isa = PBXFileReference; lastKnownFileType = archive.ar; path = libavformat.a; sourceTree = "<group>"; };
		0A7FBA2D20A2DB47002DE37D /* libavdevice.a */ = {isa = PBXFileReference; lastKnownFileType = archive.ar; path = libavdevice.a; sourceTree = "<group>"; };
		0A7FBA2E20A2DB47002DE37D /* libswresample.a */ = {isa = PBXFileReference; lastKnownFileType = archive.ar; path = libswresample.a; sourceTree = "<group>"; };
		0A7FBA2F20A2DB47002DE37D /* libswscale.a */ = {isa = PBXFileReference; lastKnownFileType = archive.ar; path = libswscale.a; sourceTree = "<group>"; };
		0A7FBA3E20A2DF71002DE37D /* test.flv */ = {isa = PBXFileReference; lastKnownFileType = file; path = test.flv; sourceTree = "<group>"; };
		0A7FBA4020A2DF92002DE37D /* CommonUtil.h */ = {isa = PBXFileReference; fileEncoding = 4; lastKnownFileType = sourcecode.c.h; path = CommonUtil.h; sourceTree = "<group>"; };
		0A7FBA4120A2DF92002DE37D /* CommonUtil.m */ = {isa = PBXFileReference; fileEncoding = 4; lastKnownFileType = sourcecode.c.objc; path = CommonUtil.m; sourceTree = "<group>"; };
		0A7FBA4620A2E0DC002DE37D /* LLYFFMPEGPlayerViewController.h */ = {isa = PBXFileReference; lastKnownFileType = sourcecode.c.h; path = LLYFFMPEGPlayerViewController.h; sourceTree = "<group>"; };
		0A7FBA4720A2E0DC002DE37D /* LLYFFMPEGPlayerViewController.m */ = {isa = PBXFileReference; lastKnownFileType = sourcecode.c.objc; path = LLYFFMPEGPlayerViewController.m; sourceTree = "<group>"; };
		0A7FBA4920A2E307002DE37D /* LLYSync.h */ = {isa = PBXFileReference; lastKnownFileType = sourcecode.c.h; path = LLYSync.h; sourceTree = "<group>"; };
		0A7FBA4A20A2E307002DE37D /* LLYSync.m */ = {isa = PBXFileReference; lastKnownFileType = sourcecode.c.objc; path = LLYSync.m; sourceTree = "<group>"; };
		0A7FBA4C20A2E323002DE37D /* LLYDecoder.h */ = {isa = PBXFileReference; lastKnownFileType = sourcecode.c.h; path = LLYDecoder.h; sourceTree = "<group>"; };
		0A7FBA4D20A2E323002DE37D /* LLYDecoder.m */ = {isa = PBXFileReference; lastKnownFileType = sourcecode.c.objc; path = LLYDecoder.m; sourceTree = "<group>"; };
		0A7FBA4F20A2E352002DE37D /* LLYAudioPlayer.h */ = {isa = PBXFileReference; lastKnownFileType = sourcecode.c.h; path = LLYAudioPlayer.h; sourceTree = "<group>"; };
		0A7FBA5020A2E352002DE37D /* LLYAudioPlayer.m */ = {isa = PBXFileReference; lastKnownFileType = sourcecode.c.objc; path = LLYAudioPlayer.m; sourceTree = "<group>"; };
		0ADC004020A6AC8D002AC903 /* libiconv.2.4.0.tbd */ = {isa = PBXFileReference; lastKnownFileType = "sourcecode.text-based-dylib-definition"; name = libiconv.2.4.0.tbd; path = usr/lib/libiconv.2.4.0.tbd; sourceTree = SDKROOT; };
		0ADC004220A6AC9A002AC903 /* VideoToolbox.framework */ = {isa = PBXFileReference; lastKnownFileType = wrapper.framework; name = VideoToolbox.framework; path = System/Library/Frameworks/VideoToolbox.framework; sourceTree = SDKROOT; };
		0ADC004420A6ACA4002AC903 /* AVFoundation.framework */ = {isa = PBXFileReference; lastKnownFileType = wrapper.framework; name = AVFoundation.framework; path = System/Library/Frameworks/AVFoundation.framework; sourceTree = SDKROOT; };
		0ADC004620A6ACC1002AC903 /* AudioToolbox.framework */ = {isa = PBXFileReference; lastKnownFileType = wrapper.framework; name = AudioToolbox.framework; path = System/Library/Frameworks/AudioToolbox.framework; sourceTree = SDKROOT; };
		0ADC004820A6AD19002AC903 /* CoreMedia.framework */ = {isa = PBXFileReference; lastKnownFileType = wrapper.framework; name = CoreMedia.framework; path = System/Library/Frameworks/CoreMedia.framework; sourceTree = SDKROOT; };
		0ADC004A20A6AD36002AC903 /* libbz2.1.0.tbd */ = {isa = PBXFileReference; lastKnownFileType = "sourcecode.text-based-dylib-definition"; name = libbz2.1.0.tbd; path = usr/lib/libbz2.1.0.tbd; sourceTree = SDKROOT; };
		0ADC004C20A6AD4C002AC903 /* libz.tbd */ = {isa = PBXFileReference; lastKnownFileType = "sourcecode.text-based-dylib-definition"; name = libz.tbd; path = usr/lib/libz.tbd; sourceTree = SDKROOT; };
/* End PBXFileReference section */

/* Begin PBXFrameworksBuildPhase section */
		0A7FB98620A2DB16002DE37D /* Frameworks */ = {
			isa = PBXFrameworksBuildPhase;
			buildActionMask = 2147483647;
			files = (
				0ADC004D20A6AD4C002AC903 /* libz.tbd in Frameworks */,
				0ADC004B20A6AD36002AC903 /* libbz2.1.0.tbd in Frameworks */,
				0ADC004920A6AD19002AC903 /* CoreMedia.framework in Frameworks */,
				0ADC004720A6ACC1002AC903 /* AudioToolbox.framework in Frameworks */,
				0ADC004520A6ACA4002AC903 /* AVFoundation.framework in Frameworks */,
				0ADC004320A6AC9A002AC903 /* VideoToolbox.framework in Frameworks */,
				0ADC004120A6AC8D002AC903 /* libiconv.2.4.0.tbd in Frameworks */,
				0A7FBA3420A2DB47002DE37D /* libavdevice.a in Frameworks */,
				0A7FBA3620A2DB47002DE37D /* libswscale.a in Frameworks */,
				0A7FBA3120A2DB47002DE37D /* libavfilter.a in Frameworks */,
				0A7FBA3020A2DB47002DE37D /* libavutil.a in Frameworks */,
				0A7FBA3220A2DB47002DE37D /* libavcodec.a in Frameworks */,
				0A7FBA3520A2DB47002DE37D /* libswresample.a in Frameworks */,
				0A7FBA3320A2DB47002DE37D /* libavformat.a in Frameworks */,
			);
			runOnlyForDeploymentPostprocessing = 0;
		};
		0A7FB99E20A2DB16002DE37D /* Frameworks */ = {
			isa = PBXFrameworksBuildPhase;
			buildActionMask = 2147483647;
			files = (
			);
			runOnlyForDeploymentPostprocessing = 0;
		};
		0A7FB9A920A2DB16002DE37D /* Frameworks */ = {
			isa = PBXFrameworksBuildPhase;
			buildActionMask = 2147483647;
			files = (
			);
			runOnlyForDeploymentPostprocessing = 0;
		};
/* End PBXFrameworksBuildPhase section */

/* Begin PBXGroup section */
		0A7FB98020A2DB16002DE37D = {
			isa = PBXGroup;
			children = (
				0A7FB98B20A2DB16002DE37D /* LLYFFMPEGPlayer */,
				0A7FB9A420A2DB16002DE37D /* LLYFFMPEGPlayerTests */,
				0A7FB9AF20A2DB16002DE37D /* LLYFFMPEGPlayerUITests */,
				0A7FB98A20A2DB16002DE37D /* Products */,
				0ADC003F20A6AC8D002AC903 /* Frameworks */,
			);
			sourceTree = "<group>";
		};
		0A7FB98A20A2DB16002DE37D /* Products */ = {
			isa = PBXGroup;
			children = (
				0A7FB98920A2DB16002DE37D /* LLYFFMPEGPlayer.app */,
				0A7FB9A120A2DB16002DE37D /* LLYFFMPEGPlayerTests.xctest */,
				0A7FB9AC20A2DB16002DE37D /* LLYFFMPEGPlayerUITests.xctest */,
			);
			name = Products;
			sourceTree = "<group>";
		};
		0A7FB98B20A2DB16002DE37D /* LLYFFMPEGPlayer */ = {
			isa = PBXGroup;
			children = (
				0A7FBA3820A2DF2D002DE37D /* player */,
				0A7FBA3D20A2DF2D002DE37D /* resource */,
				0A7FBA3720A2DF2D002DE37D /* utils */,
				0A7FB9BE20A2DB47002DE37D /* FFmpeg-iOS */,
				0A7FB98C20A2DB16002DE37D /* AppDelegate.h */,
				0A7FB98D20A2DB16002DE37D /* AppDelegate.m */,
				0A7FB98F20A2DB16002DE37D /* ViewController.h */,
				0A7FB99020A2DB16002DE37D /* ViewController.m */,
				0A7FB99220A2DB16002DE37D /* Main.storyboard */,
				0A7FB99520A2DB16002DE37D /* Assets.xcassets */,
				0A7FB99720A2DB16002DE37D /* LaunchScreen.storyboard */,
				0A7FB99A20A2DB16002DE37D /* Info.plist */,
				0A7FB99B20A2DB16002DE37D /* main.m */,
			);
			path = LLYFFMPEGPlayer;
			sourceTree = "<group>";
		};
		0A7FB9A420A2DB16002DE37D /* LLYFFMPEGPlayerTests */ = {
			isa = PBXGroup;
			children = (
				0A7FB9A520A2DB16002DE37D /* LLYFFMPEGPlayerTests.m */,
				0A7FB9A720A2DB16002DE37D /* Info.plist */,
			);
			path = LLYFFMPEGPlayerTests;
			sourceTree = "<group>";
		};
		0A7FB9AF20A2DB16002DE37D /* LLYFFMPEGPlayerUITests */ = {
			isa = PBXGroup;
			children = (
				0A7FB9B020A2DB16002DE37D /* LLYFFMPEGPlayerUITests.m */,
				0A7FB9B220A2DB16002DE37D /* Info.plist */,
			);
			path = LLYFFMPEGPlayerUITests;
			sourceTree = "<group>";
		};
		0A7FB9BE20A2DB47002DE37D /* FFmpeg-iOS */ = {
			isa = PBXGroup;
			children = (
				0A7FB9BF20A2DB47002DE37D /* include */,
				0A7FBA2820A2DB47002DE37D /* lib */,
			);
			path = "FFmpeg-iOS";
			sourceTree = "<group>";
		};
		0A7FB9BF20A2DB47002DE37D /* include */ = {
			isa = PBXGroup;
			children = (
				0A7FB9C020A2DB47002DE37D /* libavfilter */,
				0A7FB9C620A2DB47002DE37D /* libavutil */,
				0A7FBA0B20A2DB47002DE37D /* libavdevice */,
				0A7FBA0E20A2DB47002DE37D /* libavformat */,
				0A7FBA1220A2DB47002DE37D /* libswscale */,
				0A7FBA1520A2DB47002DE37D /* libavcodec */,
				0A7FBA2520A2DB47002DE37D /* libswresample */,
			);
			path = include;
			sourceTree = "<group>";
		};
		0A7FB9C020A2DB47002DE37D /* libavfilter */ = {
			isa = PBXGroup;
			children = (
				0A7FB9C120A2DB47002DE37D /* version.h */,
				0A7FB9C220A2DB47002DE37D /* buffersrc.h */,
				0A7FB9C320A2DB47002DE37D /* buffersink.h */,
				0A7FB9C420A2DB47002DE37D /* avfilter.h */,
				0A7FB9C520A2DB47002DE37D /* avfiltergraph.h */,
			);
			path = libavfilter;
			sourceTree = "<group>";
		};
		0A7FB9C620A2DB47002DE37D /* libavutil */ = {
			isa = PBXGroup;
			children = (
				0A7FB9C720A2DB47002DE37D /* time.h */,
				0A7FB9C820A2DB47002DE37D /* intfloat.h */,
				0A7FB9C920A2DB47002DE37D /* error.h */,
				0A7FB9CA20A2DB47002DE37D /* fifo.h */,
				0A7FB9CB20A2DB47002DE37D /* blowfish.h */,
				0A7FB9CC20A2DB47002DE37D /* replaygain.h */,
				0A7FB9CD20A2DB47002DE37D /* version.h */,
				0A7FB9CE20A2DB47002DE37D /* murmur3.h */,
				0A7FB9CF20A2DB47002DE37D /* stereo3d.h */,
				0A7FB9D020A2DB47002DE37D /* samplefmt.h */,
				0A7FB9D120A2DB47002DE37D /* pixdesc.h */,
				0A7FB9D220A2DB47002DE37D /* base64.h */,
				0A7FB9D320A2DB47002DE37D /* rational.h */,
				0A7FB9D420A2DB47002DE37D /* sha.h */,
				0A7FB9D520A2DB47002DE37D /* motion_vector.h */,
				0A7FB9D620A2DB47002DE37D /* avconfig.h */,
				0A7FB9D720A2DB47002DE37D /* lfg.h */,
				0A7FB9D820A2DB47002DE37D /* avutil.h */,
				0A7FB9D920A2DB47002DE37D /* xtea.h */,
				0A7FB9DA20A2DB47002DE37D /* crc.h */,
				0A7FB9DB20A2DB47002DE37D /* frame.h */,
				0A7FB9DC20A2DB47002DE37D /* file.h */,
				0A7FB9DD20A2DB47002DE37D /* md5.h */,
				0A7FB9DE20A2DB47002DE37D /* cast5.h */,
				0A7FB9DF20A2DB47002DE37D /* ffversion.h */,
				0A7FB9E020A2DB47002DE37D /* audio_fifo.h */,
				0A7FB9E120A2DB47002DE37D /* tree.h */,
				0A7FB9E220A2DB47002DE37D /* threadmessage.h */,
				0A7FB9E320A2DB47002DE37D /* attributes.h */,
				0A7FB9E420A2DB47002DE37D /* adler32.h */,
				0A7FB9E520A2DB47002DE37D /* timecode.h */,
				0A7FB9E620A2DB47002DE37D /* sha512.h */,
				0A7FB9E720A2DB47002DE37D /* display.h */,
				0A7FB9E820A2DB47002DE37D /* buffer.h */,
				0A7FB9E920A2DB47002DE37D /* camellia.h */,
				0A7FB9EA20A2DB47002DE37D /* pixelutils.h */,
				0A7FB9EB20A2DB47002DE37D /* common.h */,
				0A7FB9EC20A2DB47002DE37D /* hmac.h */,
				0A7FB9ED20A2DB47002DE37D /* eval.h */,
				0A7FB9EE20A2DB47002DE37D /* dict.h */,
				0A7FB9EF20A2DB47002DE37D /* random_seed.h */,
				0A7FB9F020A2DB47002DE37D /* opt.h */,
				0A7FB9F120A2DB47002DE37D /* mastering_display_metadata.h */,
				0A7FB9F220A2DB47002DE37D /* log.h */,
				0A7FB9F320A2DB47002DE37D /* aes.h */,
				0A7FB9F420A2DB47002DE37D /* macros.h */,
				0A7FB9F520A2DB47002DE37D /* bswap.h */,
				0A7FB9F620A2DB47002DE37D /* rc4.h */,
				0A7FB9F720A2DB47002DE37D /* tea.h */,
				0A7FB9F820A2DB47002DE37D /* cpu.h */,
				0A7FB9F920A2DB47002DE37D /* lzo.h */,
				0A7FB9FA20A2DB47002DE37D /* des.h */,
				0A7FB9FB20A2DB47002DE37D /* channel_layout.h */,
				0A7FB9FC20A2DB47002DE37D /* twofish.h */,
				0A7FB9FD20A2DB47002DE37D /* imgutils.h */,
				0A7FB9FE20A2DB47002DE37D /* mem.h */,
				0A7FB9FF20A2DB47002DE37D /* parseutils.h */,
				0A7FBA0020A2DB47002DE37D /* ripemd.h */,
				0A7FBA0120A2DB47002DE37D /* bprint.h */,
				0A7FBA0220A2DB47002DE37D /* pixfmt.h */,
				0A7FBA0320A2DB47002DE37D /* aes_ctr.h */,
				0A7FBA0420A2DB47002DE37D /* timestamp.h */,
				0A7FBA0520A2DB47002DE37D /* downmix_info.h */,
				0A7FBA0620A2DB47002DE37D /* avassert.h */,
				0A7FBA0720A2DB47002DE37D /* hash.h */,
				0A7FBA0820A2DB47002DE37D /* mathematics.h */,
				0A7FBA0920A2DB47002DE37D /* intreadwrite.h */,
				0A7FBA0A20A2DB47002DE37D /* avstring.h */,
			);
			path = libavutil;
			sourceTree = "<group>";
		};
		0A7FBA0B20A2DB47002DE37D /* libavdevice */ = {
			isa = PBXGroup;
			children = (
				0A7FBA0C20A2DB47002DE37D /* version.h */,
				0A7FBA0D20A2DB47002DE37D /* avdevice.h */,
			);
			path = libavdevice;
			sourceTree = "<group>";
		};
		0A7FBA0E20A2DB47002DE37D /* libavformat */ = {
			isa = PBXGroup;
			children = (
				0A7FBA0F20A2DB47002DE37D /* version.h */,
				0A7FBA1020A2DB47002DE37D /* avio.h */,
				0A7FBA1120A2DB47002DE37D /* avformat.h */,
			);
			path = libavformat;
			sourceTree = "<group>";
		};
		0A7FBA1220A2DB47002DE37D /* libswscale */ = {
			isa = PBXGroup;
			children = (
				0A7FBA1320A2DB47002DE37D /* version.h */,
				0A7FBA1420A2DB47002DE37D /* swscale.h */,
			);
			path = libswscale;
			sourceTree = "<group>";
		};
		0A7FBA1520A2DB47002DE37D /* libavcodec */ = {
			isa = PBXGroup;
			children = (
				0A7FBA1620A2DB47002DE37D /* avcodec.h */,
				0A7FBA1720A2DB47002DE37D /* version.h */,
				0A7FBA1820A2DB47002DE37D /* vdpau.h */,
				0A7FBA1920A2DB47002DE37D /* qsv.h */,
				0A7FBA1A20A2DB47002DE37D /* vaapi.h */,
				0A7FBA1B20A2DB47002DE37D /* videotoolbox.h */,
				0A7FBA1C20A2DB47002DE37D /* xvmc.h */,
				0A7FBA1D20A2DB47002DE37D /* d3d11va.h */,
				0A7FBA1E20A2DB47002DE37D /* avfft.h */,
				0A7FBA1F20A2DB47002DE37D /* vda.h */,
				0A7FBA2020A2DB47002DE37D /* dirac.h */,
				0A7FBA2120A2DB47002DE37D /* avdct.h */,
				0A7FBA2220A2DB47002DE37D /* vorbis_parser.h */,
				0A7FBA2320A2DB47002DE37D /* dxva2.h */,
				0A7FBA2420A2DB47002DE37D /* dv_profile.h */,
			);
			path = libavcodec;
			sourceTree = "<group>";
		};
		0A7FBA2520A2DB47002DE37D /* libswresample */ = {
			isa = PBXGroup;
			children = (
				0A7FBA2620A2DB47002DE37D /* version.h */,
				0A7FBA2720A2DB47002DE37D /* swresample.h */,
			);
			path = libswresample;
			sourceTree = "<group>";
		};
		0A7FBA2820A2DB47002DE37D /* lib */ = {
			isa = PBXGroup;
			children = (
				0A7FBA2920A2DB47002DE37D /* libavutil.a */,
				0A7FBA2A20A2DB47002DE37D /* libavfilter.a */,
				0A7FBA2B20A2DB47002DE37D /* libavcodec.a */,
				0A7FBA2C20A2DB47002DE37D /* libavformat.a */,
				0A7FBA2D20A2DB47002DE37D /* libavdevice.a */,
				0A7FBA2E20A2DB47002DE37D /* libswresample.a */,
				0A7FBA2F20A2DB47002DE37D /* libswscale.a */,
			);
			path = lib;
			sourceTree = "<group>";
		};
		0A7FBA3720A2DF2D002DE37D /* utils */ = {
			isa = PBXGroup;
			children = (
				0A7FBA4020A2DF92002DE37D /* CommonUtil.h */,
				0A7FBA4120A2DF92002DE37D /* CommonUtil.m */,
			);
			path = utils;
			sourceTree = "<group>";
		};
		0A7FBA3820A2DF2D002DE37D /* player */ = {
			isa = PBXGroup;
			children = (
				0A7FBA3920A2DF2D002DE37D /* audioplayer */,
				0A7FBA3A20A2DF2D002DE37D /* videoplayer */,
				0A7FBA3B20A2DF2D002DE37D /* decoder */,
				0A7FBA3C20A2DF2D002DE37D /* sync */,
				0A7FBA4620A2E0DC002DE37D /* LLYFFMPEGPlayerViewController.h */,
				0A7FBA4720A2E0DC002DE37D /* LLYFFMPEGPlayerViewController.m */,
			);
			path = player;
			sourceTree = "<group>";
		};
		0A7FBA3920A2DF2D002DE37D /* audioplayer */ = {
			isa = PBXGroup;
			children = (
				0A7FBA4F20A2E352002DE37D /* LLYAudioPlayer.h */,
				0A7FBA5020A2E352002DE37D /* LLYAudioPlayer.m */,
			);
			path = audioplayer;
			sourceTree = "<group>";
		};
		0A7FBA3A20A2DF2D002DE37D /* videoplayer */ = {
			isa = PBXGroup;
			children = (
			);
			path = videoplayer;
			sourceTree = "<group>";
		};
		0A7FBA3B20A2DF2D002DE37D /* decoder */ = {
			isa = PBXGroup;
			children = (
				0A7FBA4C20A2E323002DE37D /* LLYDecoder.h */,
				0A7FBA4D20A2E323002DE37D /* LLYDecoder.m */,
			);
			path = decoder;
			sourceTree = "<group>";
		};
		0A7FBA3C20A2DF2D002DE37D /* sync */ = {
			isa = PBXGroup;
			children = (
				0A7FBA4920A2E307002DE37D /* LLYSync.h */,
				0A7FBA4A20A2E307002DE37D /* LLYSync.m */,
			);
			path = sync;
			sourceTree = "<group>";
		};
		0A7FBA3D20A2DF2D002DE37D /* resource */ = {
			isa = PBXGroup;
			children = (
				0A7FBA3E20A2DF71002DE37D /* test.flv */,
			);
			path = resource;
			sourceTree = "<group>";
		};
		0ADC003F20A6AC8D002AC903 /* Frameworks */ = {
			isa = PBXGroup;
			children = (
				0ADC004C20A6AD4C002AC903 /* libz.tbd */,
				0ADC004A20A6AD36002AC903 /* libbz2.1.0.tbd */,
				0ADC004820A6AD19002AC903 /* CoreMedia.framework */,
				0ADC004620A6ACC1002AC903 /* AudioToolbox.framework */,
				0ADC004420A6ACA4002AC903 /* AVFoundation.framework */,
				0ADC004220A6AC9A002AC903 /* VideoToolbox.framework */,
				0ADC004020A6AC8D002AC903 /* libiconv.2.4.0.tbd */,
			);
			name = Frameworks;
			sourceTree = "<group>";
		};
/* End PBXGroup section */

/* Begin PBXNativeTarget section */
		0A7FB98820A2DB16002DE37D /* LLYFFMPEGPlayer */ = {
			isa = PBXNativeTarget;
			buildConfigurationList = 0A7FB9B520A2DB16002DE37D /* Build configuration list for PBXNativeTarget "LLYFFMPEGPlayer" */;
			buildPhases = (
				0A7FB98520A2DB16002DE37D /* Sources */,
				0A7FB98620A2DB16002DE37D /* Frameworks */,
				0A7FB98720A2DB16002DE37D /* Resources */,
			);
			buildRules = (
			);
			dependencies = (
			);
			name = LLYFFMPEGPlayer;
			productName = LLYFFMPEGPlayer;
			productReference = 0A7FB98920A2DB16002DE37D /* LLYFFMPEGPlayer.app */;
			productType = "com.apple.product-type.application";
		};
		0A7FB9A020A2DB16002DE37D /* LLYFFMPEGPlayerTests */ = {
			isa = PBXNativeTarget;
			buildConfigurationList = 0A7FB9B820A2DB16002DE37D /* Build configuration list for PBXNativeTarget "LLYFFMPEGPlayerTests" */;
			buildPhases = (
				0A7FB99D20A2DB16002DE37D /* Sources */,
				0A7FB99E20A2DB16002DE37D /* Frameworks */,
				0A7FB99F20A2DB16002DE37D /* Resources */,
			);
			buildRules = (
			);
			dependencies = (
				0A7FB9A320A2DB16002DE37D /* PBXTargetDependency */,
			);
			name = LLYFFMPEGPlayerTests;
			productName = LLYFFMPEGPlayerTests;
			productReference = 0A7FB9A120A2DB16002DE37D /* LLYFFMPEGPlayerTests.xctest */;
			productType = "com.apple.product-type.bundle.unit-test";
		};
		0A7FB9AB20A2DB16002DE37D /* LLYFFMPEGPlayerUITests */ = {
			isa = PBXNativeTarget;
			buildConfigurationList = 0A7FB9BB20A2DB16002DE37D /* Build configuration list for PBXNativeTarget "LLYFFMPEGPlayerUITests" */;
			buildPhases = (
				0A7FB9A820A2DB16002DE37D /* Sources */,
				0A7FB9A920A2DB16002DE37D /* Frameworks */,
				0A7FB9AA20A2DB16002DE37D /* Resources */,
			);
			buildRules = (
			);
			dependencies = (
				0A7FB9AE20A2DB16002DE37D /* PBXTargetDependency */,
			);
			name = LLYFFMPEGPlayerUITests;
			productName = LLYFFMPEGPlayerUITests;
			productReference = 0A7FB9AC20A2DB16002DE37D /* LLYFFMPEGPlayerUITests.xctest */;
			productType = "com.apple.product-type.bundle.ui-testing";
		};
/* End PBXNativeTarget section */

/* Begin PBXProject section */
		0A7FB98120A2DB16002DE37D /* Project object */ = {
			isa = PBXProject;
			attributes = {
				LastUpgradeCheck = 0920;
				ORGANIZATIONNAME = lly;
				TargetAttributes = {
					0A7FB98820A2DB16002DE37D = {
						CreatedOnToolsVersion = 9.2;
						ProvisioningStyle = Automatic;
					};
					0A7FB9A020A2DB16002DE37D = {
						CreatedOnToolsVersion = 9.2;
						ProvisioningStyle = Automatic;
						TestTargetID = 0A7FB98820A2DB16002DE37D;
					};
					0A7FB9AB20A2DB16002DE37D = {
						CreatedOnToolsVersion = 9.2;
						ProvisioningStyle = Automatic;
						TestTargetID = 0A7FB98820A2DB16002DE37D;
					};
				};
			};
			buildConfigurationList = 0A7FB98420A2DB16002DE37D /* Build configuration list for PBXProject "LLYFFMPEGPlayer" */;
			compatibilityVersion = "Xcode 8.0";
			developmentRegion = en;
			hasScannedForEncodings = 0;
			knownRegions = (
				en,
				Base,
			);
			mainGroup = 0A7FB98020A2DB16002DE37D;
			productRefGroup = 0A7FB98A20A2DB16002DE37D /* Products */;
			projectDirPath = "";
			projectRoot = "";
			targets = (
				0A7FB98820A2DB16002DE37D /* LLYFFMPEGPlayer */,
				0A7FB9A020A2DB16002DE37D /* LLYFFMPEGPlayerTests */,
				0A7FB9AB20A2DB16002DE37D /* LLYFFMPEGPlayerUITests */,
			);
		};
/* End PBXProject section */

/* Begin PBXResourcesBuildPhase section */
		0A7FB98720A2DB16002DE37D /* Resources */ = {
			isa = PBXResourcesBuildPhase;
			buildActionMask = 2147483647;
			files = (
				0A7FB99920A2DB16002DE37D /* LaunchScreen.storyboard in Resources */,
				0A7FB99620A2DB16002DE37D /* Assets.xcassets in Resources */,
				0A7FBA3F20A2DF71002DE37D /* test.flv in Resources */,
				0A7FB99420A2DB16002DE37D /* Main.storyboard in Resources */,
			);
			runOnlyForDeploymentPostprocessing = 0;
		};
		0A7FB99F20A2DB16002DE37D /* Resources */ = {
			isa = PBXResourcesBuildPhase;
			buildActionMask = 2147483647;
			files = (
			);
			runOnlyForDeploymentPostprocessing = 0;
		};
		0A7FB9AA20A2DB16002DE37D /* Resources */ = {
			isa = PBXResourcesBuildPhase;
			buildActionMask = 2147483647;
			files = (
			);
			runOnlyForDeploymentPostprocessing = 0;
		};
/* End PBXResourcesBuildPhase section */

/* Begin PBXSourcesBuildPhase section */
		0A7FB98520A2DB16002DE37D /* Sources */ = {
			isa = PBXSourcesBuildPhase;
			buildActionMask = 2147483647;
			files = (
				0A7FBA4E20A2E323002DE37D /* LLYDecoder.m in Sources */,
				0A7FB99120A2DB16002DE37D /* ViewController.m in Sources */,
				0A7FB99C20A2DB16002DE37D /* main.m in Sources */,
				0A7FBA5120A2E352002DE37D /* LLYAudioPlayer.m in Sources */,
				0A7FBA4220A2DF92002DE37D /* CommonUtil.m in Sources */,
				0A7FBA4820A2E0DC002DE37D /* LLYFFMPEGPlayerViewController.m in Sources */,
				0A7FBA4B20A2E307002DE37D /* LLYSync.m in Sources */,
				0A7FB98E20A2DB16002DE37D /* AppDelegate.m in Sources */,
			);
			runOnlyForDeploymentPostprocessing = 0;
		};
		0A7FB99D20A2DB16002DE37D /* Sources */ = {
			isa = PBXSourcesBuildPhase;
			buildActionMask = 2147483647;
			files = (
				0A7FB9A620A2DB16002DE37D /* LLYFFMPEGPlayerTests.m in Sources */,
			);
			runOnlyForDeploymentPostprocessing = 0;
		};
		0A7FB9A820A2DB16002DE37D /* Sources */ = {
			isa = PBXSourcesBuildPhase;
			buildActionMask = 2147483647;
			files = (
				0A7FB9B120A2DB16002DE37D /* LLYFFMPEGPlayerUITests.m in Sources */,
			);
			runOnlyForDeploymentPostprocessing = 0;
		};
/* End PBXSourcesBuildPhase section */

/* Begin PBXTargetDependency section */
		0A7FB9A320A2DB16002DE37D /* PBXTargetDependency */ = {
			isa = PBXTargetDependency;
			target = 0A7FB98820A2DB16002DE37D /* LLYFFMPEGPlayer */;
			targetProxy = 0A7FB9A220A2DB16002DE37D /* PBXContainerItemProxy */;
		};
		0A7FB9AE20A2DB16002DE37D /* PBXTargetDependency */ = {
			isa = PBXTargetDependency;
			target = 0A7FB98820A2DB16002DE37D /* LLYFFMPEGPlayer */;
			targetProxy = 0A7FB9AD20A2DB16002DE37D /* PBXContainerItemProxy */;
		};
/* End PBXTargetDependency section */

/* Begin PBXVariantGroup section */
		0A7FB99220A2DB16002DE37D /* Main.storyboard */ = {
			isa = PBXVariantGroup;
			children = (
				0A7FB99320A2DB16002DE37D /* Base */,
			);
			name = Main.storyboard;
			sourceTree = "<group>";
		};
		0A7FB99720A2DB16002DE37D /* LaunchScreen.storyboard */ = {
			isa = PBXVariantGroup;
			children = (
				0A7FB99820A2DB16002DE37D /* Base */,
			);
			name = LaunchScreen.storyboard;
			sourceTree = "<group>";
		};
/* End PBXVariantGroup section */

/* Begin XCBuildConfiguration section */
		0A7FB9B320A2DB16002DE37D /* Debug */ = {
			isa = XCBuildConfiguration;
			buildSettings = {
				ALWAYS_SEARCH_USER_PATHS = NO;
				CLANG_ANALYZER_NONNULL = YES;
				CLANG_ANALYZER_NUMBER_OBJECT_CONVERSION = YES_AGGRESSIVE;
				CLANG_CXX_LANGUAGE_STANDARD = "gnu++14";
				CLANG_CXX_LIBRARY = "libc++";
				CLANG_ENABLE_MODULES = YES;
				CLANG_ENABLE_OBJC_ARC = YES;
				CLANG_WARN_BLOCK_CAPTURE_AUTORELEASING = YES;
				CLANG_WARN_BOOL_CONVERSION = YES;
				CLANG_WARN_COMMA = YES;
				CLANG_WARN_CONSTANT_CONVERSION = YES;
				CLANG_WARN_DIRECT_OBJC_ISA_USAGE = YES_ERROR;
				CLANG_WARN_DOCUMENTATION_COMMENTS = YES;
				CLANG_WARN_EMPTY_BODY = YES;
				CLANG_WARN_ENUM_CONVERSION = YES;
				CLANG_WARN_INFINITE_RECURSION = YES;
				CLANG_WARN_INT_CONVERSION = YES;
				CLANG_WARN_NON_LITERAL_NULL_CONVERSION = YES;
				CLANG_WARN_OBJC_LITERAL_CONVERSION = YES;
				CLANG_WARN_OBJC_ROOT_CLASS = YES_ERROR;
				CLANG_WARN_RANGE_LOOP_ANALYSIS = YES;
				CLANG_WARN_STRICT_PROTOTYPES = YES;
				CLANG_WARN_SUSPICIOUS_MOVE = YES;
				CLANG_WARN_UNGUARDED_AVAILABILITY = YES_AGGRESSIVE;
				CLANG_WARN_UNREACHABLE_CODE = YES;
				CLANG_WARN__DUPLICATE_METHOD_MATCH = YES;
				CODE_SIGN_IDENTITY = "iPhone Developer";
				COPY_PHASE_STRIP = NO;
				DEBUG_INFORMATION_FORMAT = dwarf;
				ENABLE_STRICT_OBJC_MSGSEND = YES;
				ENABLE_TESTABILITY = YES;
				GCC_C_LANGUAGE_STANDARD = gnu11;
				GCC_DYNAMIC_NO_PIC = NO;
				GCC_NO_COMMON_BLOCKS = YES;
				GCC_OPTIMIZATION_LEVEL = 0;
				GCC_PREPROCESSOR_DEFINITIONS = (
					"DEBUG=1",
					"$(inherited)",
				);
				GCC_WARN_64_TO_32_BIT_CONVERSION = YES;
				GCC_WARN_ABOUT_RETURN_TYPE = YES_ERROR;
				GCC_WARN_UNDECLARED_SELECTOR = YES;
				GCC_WARN_UNINITIALIZED_AUTOS = YES_AGGRESSIVE;
				GCC_WARN_UNUSED_FUNCTION = YES;
				GCC_WARN_UNUSED_VARIABLE = YES;
				IPHONEOS_DEPLOYMENT_TARGET = 11.2;
				MTL_ENABLE_DEBUG_INFO = YES;
				ONLY_ACTIVE_ARCH = YES;
				SDKROOT = iphoneos;
			};
			name = Debug;
		};
		0A7FB9B420A2DB16002DE37D /* Release */ = {
			isa = XCBuildConfiguration;
			buildSettings = {
				ALWAYS_SEARCH_USER_PATHS = NO;
				CLANG_ANALYZER_NONNULL = YES;
				CLANG_ANALYZER_NUMBER_OBJECT_CONVERSION = YES_AGGRESSIVE;
				CLANG_CXX_LANGUAGE_STANDARD = "gnu++14";
				CLANG_CXX_LIBRARY = "libc++";
				CLANG_ENABLE_MODULES = YES;
				CLANG_ENABLE_OBJC_ARC = YES;
				CLANG_WARN_BLOCK_CAPTURE_AUTORELEASING = YES;
				CLANG_WARN_BOOL_CONVERSION = YES;
				CLANG_WARN_COMMA = YES;
				CLANG_WARN_CONSTANT_CONVERSION = YES;
				CLANG_WARN_DIRECT_OBJC_ISA_USAGE = YES_ERROR;
				CLANG_WARN_DOCUMENTATION_COMMENTS = YES;
				CLANG_WARN_EMPTY_BODY = YES;
				CLANG_WARN_ENUM_CONVERSION = YES;
				CLANG_WARN_INFINITE_RECURSION = YES;
				CLANG_WARN_INT_CONVERSION = YES;
				CLANG_WARN_NON_LITERAL_NULL_CONVERSION = YES;
				CLANG_WARN_OBJC_LITERAL_CONVERSION = YES;
				CLANG_WARN_OBJC_ROOT_CLASS = YES_ERROR;
				CLANG_WARN_RANGE_LOOP_ANALYSIS = YES;
				CLANG_WARN_STRICT_PROTOTYPES = YES;
				CLANG_WARN_SUSPICIOUS_MOVE = YES;
				CLANG_WARN_UNGUARDED_AVAILABILITY = YES_AGGRESSIVE;
				CLANG_WARN_UNREACHABLE_CODE = YES;
				CLANG_WARN__DUPLICATE_METHOD_MATCH = YES;
				CODE_SIGN_IDENTITY = "iPhone Developer";
				COPY_PHASE_STRIP = NO;
				DEBUG_INFORMATION_FORMAT = "dwarf-with-dsym";
				ENABLE_NS_ASSERTIONS = NO;
				ENABLE_STRICT_OBJC_MSGSEND = YES;
				GCC_C_LANGUAGE_STANDARD = gnu11;
				GCC_NO_COMMON_BLOCKS = YES;
				GCC_WARN_64_TO_32_BIT_CONVERSION = YES;
				GCC_WARN_ABOUT_RETURN_TYPE = YES_ERROR;
				GCC_WARN_UNDECLARED_SELECTOR = YES;
				GCC_WARN_UNINITIALIZED_AUTOS = YES_AGGRESSIVE;
				GCC_WARN_UNUSED_FUNCTION = YES;
				GCC_WARN_UNUSED_VARIABLE = YES;
				IPHONEOS_DEPLOYMENT_TARGET = 11.2;
				MTL_ENABLE_DEBUG_INFO = NO;
				SDKROOT = iphoneos;
				VALIDATE_PRODUCT = YES;
			};
			name = Release;
		};
		0A7FB9B620A2DB16002DE37D /* Debug */ = {
			isa = XCBuildConfiguration;
			buildSettings = {
				ASSETCATALOG_COMPILER_APPICON_NAME = AppIcon;
				CODE_SIGN_STYLE = Automatic;
				DEVELOPMENT_TEAM = PW2BL84NY9;
				HEADER_SEARCH_PATHS = "$(PROJECT_DIR)/LLYFFMPEGPlayer/FFmpeg-iOS/include";
				INFOPLIST_FILE = LLYFFMPEGPlayer/Info.plist;
				IPHONEOS_DEPLOYMENT_TARGET = 10.0;
				LD_RUNPATH_SEARCH_PATHS = "$(inherited) @executable_path/Frameworks";
				LIBRARY_SEARCH_PATHS = (
					"$(inherited)",
					"$(PROJECT_DIR)/LLYFFMPEGPlayer/FFmpeg-iOS/lib",
				);
				OTHER_LDFLAGS = "";
				PRODUCT_BUNDLE_IDENTIFIER = com.lly.LLYFFMPEGPlayer;
				PRODUCT_NAME = "$(TARGET_NAME)";
				TARGETED_DEVICE_FAMILY = "1,2";
			};
			name = Debug;
		};
		0A7FB9B720A2DB16002DE37D /* Release */ = {
			isa = XCBuildConfiguration;
			buildSettings = {
				ASSETCATALOG_COMPILER_APPICON_NAME = AppIcon;
				CODE_SIGN_STYLE = Automatic;
				DEVELOPMENT_TEAM = PW2BL84NY9;
				HEADER_SEARCH_PATHS = "$(PROJECT_DIR)/LLYFFMPEGPlayer/FFmpeg-iOS/include";
				INFOPLIST_FILE = LLYFFMPEGPlayer/Info.plist;
				IPHONEOS_DEPLOYMENT_TARGET = 10.0;
				LD_RUNPATH_SEARCH_PATHS = "$(inherited) @executable_path/Frameworks";
				LIBRARY_SEARCH_PATHS = (
					"$(inherited)",
					"$(PROJECT_DIR)/LLYFFMPEGPlayer/FFmpeg-iOS/lib",
				);
				OTHER_LDFLAGS = "";
				PRODUCT_BUNDLE_IDENTIFIER = com.lly.LLYFFMPEGPlayer;
				PRODUCT_NAME = "$(TARGET_NAME)";
				TARGETED_DEVICE_FAMILY = "1,2";
			};
			name = Release;
		};
		0A7FB9B920A2DB16002DE37D /* Debug */ = {
			isa = XCBuildConfiguration;
			buildSettings = {
				BUNDLE_LOADER = "$(TEST_HOST)";
				CODE_SIGN_STYLE = Automatic;
				DEVELOPMENT_TEAM = PW2BL84NY9;
				INFOPLIST_FILE = LLYFFMPEGPlayerTests/Info.plist;
				LD_RUNPATH_SEARCH_PATHS = "$(inherited) @executable_path/Frameworks @loader_path/Frameworks";
				PRODUCT_BUNDLE_IDENTIFIER = com.lly.LLYFFMPEGPlayerTests;
				PRODUCT_NAME = "$(TARGET_NAME)";
				TARGETED_DEVICE_FAMILY = "1,2";
				TEST_HOST = "$(BUILT_PRODUCTS_DIR)/LLYFFMPEGPlayer.app/LLYFFMPEGPlayer";
			};
			name = Debug;
		};
		0A7FB9BA20A2DB16002DE37D /* Release */ = {
			isa = XCBuildConfiguration;
			buildSettings = {
				BUNDLE_LOADER = "$(TEST_HOST)";
				CODE_SIGN_STYLE = Automatic;
				DEVELOPMENT_TEAM = PW2BL84NY9;
				INFOPLIST_FILE = LLYFFMPEGPlayerTests/Info.plist;
				LD_RUNPATH_SEARCH_PATHS = "$(inherited) @executable_path/Frameworks @loader_path/Frameworks";
				PRODUCT_BUNDLE_IDENTIFIER = com.lly.LLYFFMPEGPlayerTests;
				PRODUCT_NAME = "$(TARGET_NAME)";
				TARGETED_DEVICE_FAMILY = "1,2";
				TEST_HOST = "$(BUILT_PRODUCTS_DIR)/LLYFFMPEGPlayer.app/LLYFFMPEGPlayer";
			};
			name = Release;
		};
		0A7FB9BC20A2DB16002DE37D /* Debug */ = {
			isa = XCBuildConfiguration;
			buildSettings = {
				CODE_SIGN_STYLE = Automatic;
				DEVELOPMENT_TEAM = PW2BL84NY9;
				INFOPLIST_FILE = LLYFFMPEGPlayerUITests/Info.plist;
				LD_RUNPATH_SEARCH_PATHS = "$(inherited) @executable_path/Frameworks @loader_path/Frameworks";
				PRODUCT_BUNDLE_IDENTIFIER = com.lly.LLYFFMPEGPlayerUITests;
				PRODUCT_NAME = "$(TARGET_NAME)";
				TARGETED_DEVICE_FAMILY = "1,2";
				TEST_TARGET_NAME = LLYFFMPEGPlayer;
			};
			name = Debug;
		};
		0A7FB9BD20A2DB16002DE37D /* Release */ = {
			isa = XCBuildConfiguration;
			buildSettings = {
				CODE_SIGN_STYLE = Automatic;
				DEVELOPMENT_TEAM = PW2BL84NY9;
				INFOPLIST_FILE = LLYFFMPEGPlayerUITests/Info.plist;
				LD_RUNPATH_SEARCH_PATHS = "$(inherited) @executable_path/Frameworks @loader_path/Frameworks";
				PRODUCT_BUNDLE_IDENTIFIER = com.lly.LLYFFMPEGPlayerUITests;
				PRODUCT_NAME = "$(TARGET_NAME)";
				TARGETED_DEVICE_FAMILY = "1,2";
				TEST_TARGET_NAME = LLYFFMPEGPlayer;
			};
			name = Release;
		};
/* End XCBuildConfiguration section */

/* Begin XCConfigurationList section */
		0A7FB98420A2DB16002DE37D /* Build configuration list for PBXProject "LLYFFMPEGPlayer" */ = {
			isa = XCConfigurationList;
			buildConfigurations = (
				0A7FB9B320A2DB16002DE37D /* Debug */,
				0A7FB9B420A2DB16002DE37D /* Release */,
			);
			defaultConfigurationIsVisible = 0;
			defaultConfigurationName = Release;
		};
		0A7FB9B520A2DB16002DE37D /* Build configuration list for PBXNativeTarget "LLYFFMPEGPlayer" */ = {
			isa = XCConfigurationList;
			buildConfigurations = (
				0A7FB9B620A2DB16002DE37D /* Debug */,
				0A7FB9B720A2DB16002DE37D /* Release */,
			);
			defaultConfigurationIsVisible = 0;
			defaultConfigurationName = Release;
		};
		0A7FB9B820A2DB16002DE37D /* Build configuration list for PBXNativeTarget "LLYFFMPEGPlayerTests" */ = {
			isa = XCConfigurationList;
			buildConfigurations = (
				0A7FB9B920A2DB16002DE37D /* Debug */,
				0A7FB9BA20A2DB16002DE37D /* Release */,
			);
			defaultConfigurationIsVisible = 0;
			defaultConfigurationName = Release;
		};
		0A7FB9BB20A2DB16002DE37D /* Build configuration list for PBXNativeTarget "LLYFFMPEGPlayerUITests" */ = {
			isa = XCConfigurationList;
			buildConfigurations = (
				0A7FB9BC20A2DB16002DE37D /* Debug */,
				0A7FB9BD20A2DB16002DE37D /* Release */,
			);
			defaultConfigurationIsVisible = 0;
			defaultConfigurationName = Release;
		};
/* End XCConfigurationList section */
	};
	rootObject = 0A7FB98120A2DB16002DE37D /* Project object */;
}
